<?xml version="1.0" encoding="utf-8"?>
<Project ToolsVersion="4.0" xmlns="http://schemas.microsoft.com/developer/msbuild/2003">
  <ItemGroup>
    <Filter Include="Source Files">
      <UniqueIdentifier>{4FC737F1-C7A5-4376-A066-2A32D752A2FF}</UniqueIdentifier>
      <Extensions>cpp;c;cc;cxx;def;odl;idl;hpj;bat;asm;asmx</Extensions>
    </Filter>
    <Filter Include="Header Files">
      <UniqueIdentifier>{93995380-89BD-4b04-88EB-625FBE52EBFB}</UniqueIdentifier>
      <Extensions>h;hh;hpp;hxx;hm;inl;inc;xsd</Extensions>
    </Filter>
    <Filter Include="Resource Files">
      <UniqueIdentifier>{67DA6AB6-F800-4c08-8B7A-83BB121AAD01}</UniqueIdentifier>
      <Extensions>rc;ico;cur;bmp;dlg;rc2;rct;bin;rgs;gif;jpg;jpeg;jpe;resx;tiff;tif;png;wav</Extensions>
    </Filter>
  </ItemGroup>
  <ItemGroup>
    <ClCompile Include="czesc.cpp">
      <Filter>Source Files</Filter>
    </ClCompile>
    <ClCompile Include="edytor.cpp">
      <Filter>Source Files</Filter>
    </ClCompile>
    <ClCompile Include="ekran.cpp">
      <Filter>Source Files</Filter>
    </ClCompile>
    <ClCompile Include="e_alert.cpp">
      <Filter>Source Files</Filter>
    </ClCompile>
    <ClCompile Include="e_edytor.cpp">
      <Filter>Source Files</Filter>
    </ClCompile>
    <ClCompile Include="e_mapa.cpp">
      <Filter>Source Files</Filter>
    </ClCompile>
    <ClCompile Include="flin_sf.cpp">
      <Filter>Source Files</Filter>
    </ClCompile>
    <ClCompile Include="ikona_obiekt.cpp">
      <Filter>Source Files</Filter>
    </ClCompile>
    <ClCompile Include="kontrolka.cpp">
      <Filter>Source Files</Filter>
    </ClCompile>
    <ClCompile Include="main.cpp">
      <Filter>Source Files</Filter>
    </ClCompile>
    <ClCompile Include="main_edytor.cpp">
      <Filter>Source Files</Filter>
    </ClCompile>
    <ClCompile Include="map.cpp">
      <Filter>Source Files</Filter>
    </ClCompile>
    <ClCompile Include="menu.cpp">
      <Filter>Source Files</Filter>
    </ClCompile>
    <ClCompile Include="obiekt.cpp">
      <Filter>Source Files</Filter>
    </ClCompile>
    <ClCompile Include="palhsv.cpp">
      <Filter>Source Files</Filter>
    </ClCompile>
    <ClCompile Include="przelacznik.cpp">
      <Filter>Source Files</Filter>
    </ClCompile>
    <ClCompile Include="przycisk.cpp">
      <Filter>Source Files</Filter>
    </ClCompile>
    <ClCompile Include="skrzynia.cpp">
      <Filter>Source Files</Filter>
    </ClCompile>
    <ClCompile Include="suwak.cpp">
      <Filter>Source Files</Filter>
    </ClCompile>
    <ClCompile Include="tekst.cpp">
      <Filter>Source Files</Filter>
    </ClCompile>
    <ClCompile Include="wektor.cpp">
      <Filter>Source Files</Filter>
    </ClCompile>
    <ClCompile Include="bch\bch.cpp">
      <Filter>Source Files</Filter>
    </ClCompile>
  </ItemGroup>
  <ItemGroup>
    <ClInclude Include="czesc.h">
      <Filter>Header Files</Filter>
    </ClInclude>
    <ClInclude Include="edytor.h">
      <Filter>Header Files</Filter>
    </ClInclude>
    <ClInclude Include="ekran.h">
      <Filter>Header Files</Filter>
    </ClInclude>
    <ClInclude Include="e_alert.h">
      <Filter>Header Files</Filter>
    </ClInclude>
    <ClInclude Include="e_edytor.h">
      <Filter>Header Files</Filter>
    </ClInclude>
    <ClInclude Include="e_mapa.h">
      <Filter>Header Files</Filter>
    </ClInclude>
    <ClInclude Include="flin_sf.h">
      <Filter>Header Files</Filter>
    </ClInclude>
    <ClInclude Include="ikona_obiekt.h">
      <Filter>Header Files</Filter>
    </ClInclude>
    <ClInclude Include="kontrolka.h">
      <Filter>Header Files</Filter>
    </ClInclude>
    <ClInclude Include="map.h">
      <Filter>Header Files</Filter>
    </ClInclude>
    <ClInclude Include="menu.h">
      <Filter>Header Files</Filter>
    </ClInclude>
    <ClInclude Include="obiekt.h">
      <Filter>Header Files</Filter>
    </ClInclude>
    <ClInclude Include="palhsv.h">
      <Filter>Header Files</Filter>
    </ClInclude>
    <ClInclude Include="przelacznik.h">
      <Filter>Header Files</Filter>
    </ClInclude>
    <ClInclude Include="przycisk.h">
      <Filter>Header Files</Filter>
    </ClInclude>
    <ClInclude Include="skrzynia.h">
      <Filter>Header Files</Filter>
    </ClInclude>
    <ClInclude Include="suwak.h">
      <Filter>Header Files</Filter>
    </ClInclude>
    <ClInclude Include="tekst.h">
      <Filter>Header Files</Filter>
    </ClInclude>
    <ClInclude Include="wektor.h">
      <Filter>Header Files</Filter>
    </ClInclude>
    <ClInclude Include="wlas.hpp">
      <Filter>Header Files</Filter>
    </ClInclude>
    <ClInclude Include="bch\bch.hpp">
      <Filter>Header Files</Filter>
    </ClInclude>
  </ItemGroup>
</Project>